
Microsoft Visual Studio Solution File, Format Version 12.00
# Visual Studio 15
VisualStudioVersion = 15.0.28307.1433
MinimumVisualStudioVersion = 10.0.40219.1
Project("{2150E333-8FDC-42A3-9474-1A3956D46DE8}") = "TestCase", "TestCase", "{29757810-C175-45A9-A059-481A78E20A93}"
EndProject
Project("{2150E333-8FDC-42A3-9474-1A3956D46DE8}") = "Math", "Math", "{65233D1B-47A7-490C-85F0-4395E86D4E28}"
EndProject
Project("{8BC9CEB8-8B4A-11D0-8D11-00A0C91BC942}") = "UnitTest-CuDenseVector", "TestCase\MPhysics\Math\UnitTest-CuDenseVector\UnitTest-CuDenseVector.vcxproj", "{A7913C32-6D75-4984-B8FE-2B4A35A7A630}"
EndProject
Project("{8BC9CEB8-8B4A-11D0-8D11-00A0C91BC942}") = "UnitTest-CuMatVecMultiplier", "TestCase\MPhysics\Math\UnitTest-CuMatVecMultiplier\UnitTest-CuMatVecMultiplier.vcxproj", "{F36BF1B7-3F65-4EF4-B8C0-075DE49F8127}"
EndProject
Project("{8BC9CEB8-8B4A-11D0-8D11-00A0C91BC942}") = "UnitTest-CuMatrixFreePCG", "TestCase\MPhysics\Math\UnitTest-CuMatrixFreePCG\UnitTest-CuMatrixFreePCG.vcxproj", "{78764D0C-34C1-48BC-9B8C-26E994F453E6}"
EndProject
Project("{2150E333-8FDC-42A3-9474-1A3956D46DE8}") = "Projective", "Projective", "{14D1BEF9-7FDB-4B8D-8D20-BE5F6EACD238}"
EndProject
Project("{8BC9CEB8-8B4A-11D0-8D11-00A0C91BC942}") = "UnitTest-DensityConstraintKernel", "TestCase\MPhysics\Projective\UnitTest-DensityConstraintKernel\UnitTest-DensityConstraintKernel.vcxproj", "{AD20F40A-B1CE-4E33-9552-E2D06193697A}"
EndProject
Project("{8BC9CEB8-8B4A-11D0-8D11-00A0C91BC942}") = "UnitTest-KNNKernel", "TestCase\MPhysics\Projective\UnitTest-KNNKernel\UnitTest-KNNKernel.vcxproj", "{9567C251-3762-4351-B459-A31C5040409D}"
EndProject
Project("{8BC9CEB8-8B4A-11D0-8D11-00A0C91BC942}") = "MPhysics_Lib", "MPhysics_Lib\MPhysics_Lib.vcxproj", "{5D4A1F3E-CC5B-4431-9DCC-FE02C3B37227}"
EndProject
Project("{2150E333-8FDC-42A3-9474-1A3956D46DE8}") = "DataStructure", "DataStructure", "{06399A88-23E0-4B9B-8451-FC4175932EC8}"
EndProject
Project("{8BC9CEB8-8B4A-11D0-8D11-00A0C91BC942}") = "UnitTest-CellCenteredVectorField", "TestCase\MPhysics\DataStructure\UnitTest-CellCenteredVectorGrid\UnitTest-CellCenteredVectorGrid.vcxproj", "{4A35E115-970F-413F-B0B4-0E01F378F020}"
EndProject
Project("{8BC9CEB8-8B4A-11D0-8D11-00A0C91BC942}") = "UnitTest-FaceCenteredVectorField", "TestCase\MPhysics\DataStructure\UnitTest-FaceCenteredVectorGrid\UnitTest-FaceCenteredVectorGrid.vcxproj", "{85C6D542-6B72-48FD-98BA-95B9C8BCCA69}"
EndProject
Project("{8BC9CEB8-8B4A-11D0-8D11-00A0C91BC942}") = "UnitTest-CellCenteredScalarField", "TestCase\MPhysics\DataStructure\UnitTest-ScalarGrid\UnitTest-ScalarGrid.vcxproj", "{B051FD79-2F9F-4DE2-A5D4-4C2E1375D55A}"
EndProject
Project("{8BC9CEB8-8B4A-11D0-8D11-00A0C91BC942}") = "MPhysics", "MPhysics\MPhysics.vcxproj", "{75A17C85-5C3D-4F2E-9206-9A17F6C23115}"
EndProject
Project("{2150E333-8FDC-42A3-9474-1A3956D46DE8}") = "Unit Test", "Unit Test", "{B8464914-E4B9-4ADB-9D82-A08382FD1873}"
EndProject
Project("{2150E333-8FDC-42A3-9474-1A3956D46DE8}") = "Integration Test", "Integration Test", "{BD570C07-853E-45EC-BBD1-DC219E443382}"
EndProject
Project("{2150E333-8FDC-42A3-9474-1A3956D46DE8}") = "Projective", "Projective", "{53F4B305-25A8-4427-B6F5-3D8DC03233A6}"
EndProject
Project("{8BC9CEB8-8B4A-11D0-8D11-00A0C91BC942}") = "IntegrationTest-NeighborSearch", "TestCase\MPhysics\Projective\IntegrationTest-NeighborSearch\IntegrationTest-NeighborSearch.vcxproj", "{2DF273E7-A6B5-4E37-9C94-4086081E1DE4}"
EndProject
Project("{2150E333-8FDC-42A3-9474-1A3956D46DE8}") = "Euler", "Euler", "{F7E7DD18-9798-4F6C-A2B7-B2B0C3F7DFEF}"
EndProject
Project("{8BC9CEB8-8B4A-11D0-8D11-00A0C91BC942}") = "UnitTest-SemiLagrangian", "TestCase\MPhysics\Euler\UnitTest-SemiLagrangian\UnitTest-SemiLagrangian.vcxproj", "{A607A0AB-63EA-48EA-BA02-939869CD915F}"
EndProject
Project("{8BC9CEB8-8B4A-11D0-8D11-00A0C91BC942}") = "UnitTest-ExternalForces", "TestCase\MPhysics\Euler\UnitTest-ExternalForces\UnitTest-ExternalForces.vcxproj", "{0D163262-C5AE-4B1B-8878-7E955F313651}"
EndProject
Project("{2150E333-8FDC-42A3-9474-1A3956D46DE8}") = "Euler", "Euler", "{A8A92955-D61C-40DE-8CDF-E5FF7D5047E2}"
EndProject
Project("{8BC9CEB8-8B4A-11D0-8D11-00A0C91BC942}") = "IntegrationTest-GridFluidSolver", "TestCase\MPhysics\Euler\IntegrationTest-GridFluidSolver\IntegrationTest-GridFluidSolver.vcxproj", "{937232EA-2B39-4716-BD98-5249D78C6870}"
EndProject
Project("{8BC9CEB8-8B4A-11D0-8D11-00A0C91BC942}") = "UnitTest-CuMatrix", "TestCase\MPhysics\Math\UnitTest-Test\UnitTest-Test.vcxproj", "{6875AC3D-6306-4DF0-9BCB-06310BDFDA1F}"
EndProject
Project("{8BC9CEB8-8B4A-11D0-8D11-00A0C91BC942}") = "UnitTest-PressureSolver", "TestCase\MPhysics\Euler\UnitTest-PressureSolver\UnitTest-PressureSolver.vcxproj", "{35E55F0A-AEF0-42CC-9C02-82D907FF7036}"
EndProject
Project("{2150E333-8FDC-42A3-9474-1A3956D46DE8}") = "ThirdParty", "ThirdParty", "{A497E9BC-FA17-446E-A665-206EF1E97352}"
EndProject
Project("{8BC9CEB8-8B4A-11D0-8D11-00A0C91BC942}") = "SDF", "ThirdParty\sdf\SDF.vcxproj", "{245059D5-3A7C-3AB0-B0C2-527B8AEC47CC}"
EndProject
Project("{8BC9CEB8-8B4A-11D0-8D11-00A0C91BC942}") = "UnitTest-BoundaryVolumeMap", "TestCase\MPhysics\Projective\UnitTest-BoundaryVolumeMap\UnitTest-BoundaryVolumeMap.vcxproj", "{CBA461D2-02C5-4163-AA5F-5C186DB698F0}"
EndProject
Project("{8BC9CEB8-8B4A-11D0-8D11-00A0C91BC942}") = "UnitTest-Extrapolation", "TestCase\MPhysics\Euler\UnitTest-Extrapolation\UnitTest-Extrapolation.vcxproj", "{702CC303-F9FD-44A9-92B0-F49C6CE0313E}"
EndProject
Project("{8BC9CEB8-8B4A-11D0-8D11-00A0C91BC942}") = "IntegrationTest-VolumeMapBoundary", "TestCase\MPhysics\Projective\IntegrationTest-VolumeMapBoundary\IntegrationTest-VolumeMapBoundary.vcxproj", "{CEDFAA0E-DFB1-466B-BC0B-325BFE230218}"
EndProject
Project("{8BC9CEB8-8B4A-11D0-8D11-00A0C91BC942}") = "Graphics", "Graphics\Graphics.vcxproj", "{B1F44616-23F1-47D7-A8F7-EC67F001646F}"
EndProject
Project("{8BC9CEB8-8B4A-11D0-8D11-00A0C91BC942}") = "Application", "Application\Application.vcxproj", "{3A2D1084-AAD0-463A-905C-AF5ED0381DA7}"
EndProject
Project("{8BC9CEB8-8B4A-11D0-8D11-00A0C91BC942}") = "UnitTest-BoundarySDF", "TestCase\MPhysics\Euler\UnitTest-BoundarySDF\UnitTest-BoundarySDF.vcxproj", "{40EA9B0C-02AD-48CF-BA3F-087D626101C8}"
EndProject
Project("{8BC9CEB8-8B4A-11D0-8D11-00A0C91BC942}") = "UnitTest-ParticlesAdvection", "TestCase\MPhysics\Euler\UnitTest-ParticlesAdvection\UnitTest-ParticlesAdvection.vcxproj", "{576E9213-383D-4359-86AA-A2E2E3B797E6}"
EndProject
Project("{8BC9CEB8-8B4A-11D0-8D11-00A0C91BC942}") = "UnitTest-ParticleGroup", "TestCase\MPhysics\DataStructure\UnitTest-ParticleGroup\UnitTest-ParticleGroup.vcxproj", "{AD5D2F5B-477F-4D70-9EB0-6865214ACC60}"
EndProject
Project("{2150E333-8FDC-42A3-9474-1A3956D46DE8}") = "HybridSimulator", "HybridSimulator", "{A1BA382A-21BF-4477-AE06-EF8096E88CCA}"
EndProject
Project("{8BC9CEB8-8B4A-11D0-8D11-00A0C91BC942}") = "UnitTest-AddAndRemoveParticle", "TestCase\MPhysics\HybridSimulator\UnitTest-AddAndRemoveParticle\UnitTest-AddAndRemoveParticle.vcxproj", "{95E55D61-8227-48C6-A6AA-BF4294A4A526}"
EndProject
Project("{8BC9CEB8-8B4A-11D0-8D11-00A0C91BC942}") = "UnitTest-HybridHelper", "TestCase\MPhysics\Hybrid\UnitTest-HybridHelper\UnitTest-HybridHelper.vcxproj", "{3F696ACA-B85A-4DA9-A301-D03DA8398BD7}"
EndProject
Project("{8BC9CEB8-8B4A-11D0-8D11-00A0C91BC942}") = "GridVisualizer", "GridVisualizer\GridVisualizer.vcxproj", "{ADACDEAB-3C3D-4722-9D7A-E1CA8374F3F0}"
EndProject
Global
	GlobalSection(SolutionConfigurationPlatforms) = preSolution
		Debug|x64 = Debug|x64
		Debug|x86 = Debug|x86
		Release|x64 = Release|x64
		Release|x86 = Release|x86
	EndGlobalSection
	GlobalSection(ProjectConfigurationPlatforms) = postSolution
		{A7913C32-6D75-4984-B8FE-2B4A35A7A630}.Debug|x64.ActiveCfg = Debug|x64
		{A7913C32-6D75-4984-B8FE-2B4A35A7A630}.Debug|x64.Build.0 = Debug|x64
		{A7913C32-6D75-4984-B8FE-2B4A35A7A630}.Debug|x86.ActiveCfg = Debug|Win32
		{A7913C32-6D75-4984-B8FE-2B4A35A7A630}.Debug|x86.Build.0 = Debug|Win32
		{A7913C32-6D75-4984-B8FE-2B4A35A7A630}.Release|x64.ActiveCfg = Release|x64
		{A7913C32-6D75-4984-B8FE-2B4A35A7A630}.Release|x64.Build.0 = Release|x64
		{A7913C32-6D75-4984-B8FE-2B4A35A7A630}.Release|x86.ActiveCfg = Release|Win32
		{A7913C32-6D75-4984-B8FE-2B4A35A7A630}.Release|x86.Build.0 = Release|Win32
		{F36BF1B7-3F65-4EF4-B8C0-075DE49F8127}.Debug|x64.ActiveCfg = Debug|x64
		{F36BF1B7-3F65-4EF4-B8C0-075DE49F8127}.Debug|x64.Build.0 = Debug|x64
		{F36BF1B7-3F65-4EF4-B8C0-075DE49F8127}.Debug|x86.ActiveCfg = Debug|Win32
		{F36BF1B7-3F65-4EF4-B8C0-075DE49F8127}.Debug|x86.Build.0 = Debug|Win32
		{F36BF1B7-3F65-4EF4-B8C0-075DE49F8127}.Release|x64.ActiveCfg = Release|x64
		{F36BF1B7-3F65-4EF4-B8C0-075DE49F8127}.Release|x64.Build.0 = Release|x64
		{F36BF1B7-3F65-4EF4-B8C0-075DE49F8127}.Release|x86.ActiveCfg = Release|Win32
		{F36BF1B7-3F65-4EF4-B8C0-075DE49F8127}.Release|x86.Build.0 = Release|Win32
		{78764D0C-34C1-48BC-9B8C-26E994F453E6}.Debug|x64.ActiveCfg = Debug|x64
		{78764D0C-34C1-48BC-9B8C-26E994F453E6}.Debug|x64.Build.0 = Debug|x64
		{78764D0C-34C1-48BC-9B8C-26E994F453E6}.Debug|x86.ActiveCfg = Debug|Win32
		{78764D0C-34C1-48BC-9B8C-26E994F453E6}.Debug|x86.Build.0 = Debug|Win32
		{78764D0C-34C1-48BC-9B8C-26E994F453E6}.Release|x64.ActiveCfg = Release|x64
		{78764D0C-34C1-48BC-9B8C-26E994F453E6}.Release|x64.Build.0 = Release|x64
		{78764D0C-34C1-48BC-9B8C-26E994F453E6}.Release|x86.ActiveCfg = Release|Win32
		{78764D0C-34C1-48BC-9B8C-26E994F453E6}.Release|x86.Build.0 = Release|Win32
		{AD20F40A-B1CE-4E33-9552-E2D06193697A}.Debug|x64.ActiveCfg = Debug|x64
		{AD20F40A-B1CE-4E33-9552-E2D06193697A}.Debug|x64.Build.0 = Debug|x64
		{AD20F40A-B1CE-4E33-9552-E2D06193697A}.Debug|x86.ActiveCfg = Debug|Win32
		{AD20F40A-B1CE-4E33-9552-E2D06193697A}.Debug|x86.Build.0 = Debug|Win32
		{AD20F40A-B1CE-4E33-9552-E2D06193697A}.Release|x64.ActiveCfg = Release|x64
		{AD20F40A-B1CE-4E33-9552-E2D06193697A}.Release|x64.Build.0 = Release|x64
		{AD20F40A-B1CE-4E33-9552-E2D06193697A}.Release|x86.ActiveCfg = Release|Win32
		{AD20F40A-B1CE-4E33-9552-E2D06193697A}.Release|x86.Build.0 = Release|Win32
		{9567C251-3762-4351-B459-A31C5040409D}.Debug|x64.ActiveCfg = Debug|x64
		{9567C251-3762-4351-B459-A31C5040409D}.Debug|x64.Build.0 = Debug|x64
		{9567C251-3762-4351-B459-A31C5040409D}.Debug|x86.ActiveCfg = Debug|Win32
		{9567C251-3762-4351-B459-A31C5040409D}.Debug|x86.Build.0 = Debug|Win32
		{9567C251-3762-4351-B459-A31C5040409D}.Release|x64.ActiveCfg = Release|x64
		{9567C251-3762-4351-B459-A31C5040409D}.Release|x64.Build.0 = Release|x64
		{9567C251-3762-4351-B459-A31C5040409D}.Release|x86.ActiveCfg = Release|Win32
		{9567C251-3762-4351-B459-A31C5040409D}.Release|x86.Build.0 = Release|Win32
		{5D4A1F3E-CC5B-4431-9DCC-FE02C3B37227}.Debug|x64.ActiveCfg = Debug|x64
		{5D4A1F3E-CC5B-4431-9DCC-FE02C3B37227}.Debug|x64.Build.0 = Debug|x64
		{5D4A1F3E-CC5B-4431-9DCC-FE02C3B37227}.Debug|x86.ActiveCfg = Debug|x64
		{5D4A1F3E-CC5B-4431-9DCC-FE02C3B37227}.Release|x64.ActiveCfg = Release|x64
		{5D4A1F3E-CC5B-4431-9DCC-FE02C3B37227}.Release|x64.Build.0 = Release|x64
		{5D4A1F3E-CC5B-4431-9DCC-FE02C3B37227}.Release|x86.ActiveCfg = Release|x64
		{4A35E115-970F-413F-B0B4-0E01F378F020}.Debug|x64.ActiveCfg = Debug|x64
		{4A35E115-970F-413F-B0B4-0E01F378F020}.Debug|x64.Build.0 = Debug|x64
		{4A35E115-970F-413F-B0B4-0E01F378F020}.Debug|x86.ActiveCfg = Debug|Win32
		{4A35E115-970F-413F-B0B4-0E01F378F020}.Debug|x86.Build.0 = Debug|Win32
		{4A35E115-970F-413F-B0B4-0E01F378F020}.Release|x64.ActiveCfg = Release|x64
		{4A35E115-970F-413F-B0B4-0E01F378F020}.Release|x64.Build.0 = Release|x64
		{4A35E115-970F-413F-B0B4-0E01F378F020}.Release|x86.ActiveCfg = Release|Win32
		{4A35E115-970F-413F-B0B4-0E01F378F020}.Release|x86.Build.0 = Release|Win32
		{85C6D542-6B72-48FD-98BA-95B9C8BCCA69}.Debug|x64.ActiveCfg = Debug|x64
		{85C6D542-6B72-48FD-98BA-95B9C8BCCA69}.Debug|x64.Build.0 = Debug|x64
		{85C6D542-6B72-48FD-98BA-95B9C8BCCA69}.Debug|x86.ActiveCfg = Debug|Win32
		{85C6D542-6B72-48FD-98BA-95B9C8BCCA69}.Debug|x86.Build.0 = Debug|Win32
		{85C6D542-6B72-48FD-98BA-95B9C8BCCA69}.Release|x64.ActiveCfg = Release|x64
		{85C6D542-6B72-48FD-98BA-95B9C8BCCA69}.Release|x64.Build.0 = Release|x64
		{85C6D542-6B72-48FD-98BA-95B9C8BCCA69}.Release|x86.ActiveCfg = Release|Win32
		{85C6D542-6B72-48FD-98BA-95B9C8BCCA69}.Release|x86.Build.0 = Release|Win32
		{B051FD79-2F9F-4DE2-A5D4-4C2E1375D55A}.Debug|x64.ActiveCfg = Debug|x64
		{B051FD79-2F9F-4DE2-A5D4-4C2E1375D55A}.Debug|x64.Build.0 = Debug|x64
		{B051FD79-2F9F-4DE2-A5D4-4C2E1375D55A}.Debug|x86.ActiveCfg = Debug|Win32
		{B051FD79-2F9F-4DE2-A5D4-4C2E1375D55A}.Debug|x86.Build.0 = Debug|Win32
		{B051FD79-2F9F-4DE2-A5D4-4C2E1375D55A}.Release|x64.ActiveCfg = Release|x64
		{B051FD79-2F9F-4DE2-A5D4-4C2E1375D55A}.Release|x64.Build.0 = Release|x64
		{B051FD79-2F9F-4DE2-A5D4-4C2E1375D55A}.Release|x86.ActiveCfg = Release|Win32
		{B051FD79-2F9F-4DE2-A5D4-4C2E1375D55A}.Release|x86.Build.0 = Release|Win32
		{75A17C85-5C3D-4F2E-9206-9A17F6C23115}.Debug|x64.ActiveCfg = Debug|x64
		{75A17C85-5C3D-4F2E-9206-9A17F6C23115}.Debug|x64.Build.0 = Debug|x64
		{75A17C85-5C3D-4F2E-9206-9A17F6C23115}.Debug|x86.ActiveCfg = Debug|x64
		{75A17C85-5C3D-4F2E-9206-9A17F6C23115}.Release|x64.ActiveCfg = Release|x64
		{75A17C85-5C3D-4F2E-9206-9A17F6C23115}.Release|x64.Build.0 = Release|x64
		{75A17C85-5C3D-4F2E-9206-9A17F6C23115}.Release|x86.ActiveCfg = Release|x64
		{2DF273E7-A6B5-4E37-9C94-4086081E1DE4}.Debug|x64.ActiveCfg = Debug|x64
		{2DF273E7-A6B5-4E37-9C94-4086081E1DE4}.Debug|x64.Build.0 = Debug|x64
		{2DF273E7-A6B5-4E37-9C94-4086081E1DE4}.Debug|x86.ActiveCfg = Debug|Win32
		{2DF273E7-A6B5-4E37-9C94-4086081E1DE4}.Debug|x86.Build.0 = Debug|Win32
		{2DF273E7-A6B5-4E37-9C94-4086081E1DE4}.Release|x64.ActiveCfg = Release|x64
		{2DF273E7-A6B5-4E37-9C94-4086081E1DE4}.Release|x64.Build.0 = Release|x64
		{2DF273E7-A6B5-4E37-9C94-4086081E1DE4}.Release|x86.ActiveCfg = Release|Win32
		{2DF273E7-A6B5-4E37-9C94-4086081E1DE4}.Release|x86.Build.0 = Release|Win32
		{A607A0AB-63EA-48EA-BA02-939869CD915F}.Debug|x64.ActiveCfg = Debug|x64
		{A607A0AB-63EA-48EA-BA02-939869CD915F}.Debug|x64.Build.0 = Debug|x64
		{A607A0AB-63EA-48EA-BA02-939869CD915F}.Debug|x86.ActiveCfg = Debug|Win32
		{A607A0AB-63EA-48EA-BA02-939869CD915F}.Debug|x86.Build.0 = Debug|Win32
		{A607A0AB-63EA-48EA-BA02-939869CD915F}.Release|x64.ActiveCfg = Release|x64
		{A607A0AB-63EA-48EA-BA02-939869CD915F}.Release|x64.Build.0 = Release|x64
		{A607A0AB-63EA-48EA-BA02-939869CD915F}.Release|x86.ActiveCfg = Release|Win32
		{A607A0AB-63EA-48EA-BA02-939869CD915F}.Release|x86.Build.0 = Release|Win32
		{0D163262-C5AE-4B1B-8878-7E955F313651}.Debug|x64.ActiveCfg = Debug|x64
		{0D163262-C5AE-4B1B-8878-7E955F313651}.Debug|x64.Build.0 = Debug|x64
		{0D163262-C5AE-4B1B-8878-7E955F313651}.Debug|x86.ActiveCfg = Debug|Win32
		{0D163262-C5AE-4B1B-8878-7E955F313651}.Debug|x86.Build.0 = Debug|Win32
		{0D163262-C5AE-4B1B-8878-7E955F313651}.Release|x64.ActiveCfg = Release|x64
		{0D163262-C5AE-4B1B-8878-7E955F313651}.Release|x64.Build.0 = Release|x64
		{0D163262-C5AE-4B1B-8878-7E955F313651}.Release|x86.ActiveCfg = Release|Win32
		{0D163262-C5AE-4B1B-8878-7E955F313651}.Release|x86.Build.0 = Release|Win32
		{937232EA-2B39-4716-BD98-5249D78C6870}.Debug|x64.ActiveCfg = Debug|x64
		{937232EA-2B39-4716-BD98-5249D78C6870}.Debug|x64.Build.0 = Debug|x64
		{937232EA-2B39-4716-BD98-5249D78C6870}.Debug|x86.ActiveCfg = Debug|Win32
		{937232EA-2B39-4716-BD98-5249D78C6870}.Debug|x86.Build.0 = Debug|Win32
		{937232EA-2B39-4716-BD98-5249D78C6870}.Release|x64.ActiveCfg = Release|x64
		{937232EA-2B39-4716-BD98-5249D78C6870}.Release|x64.Build.0 = Release|x64
		{937232EA-2B39-4716-BD98-5249D78C6870}.Release|x86.ActiveCfg = Release|Win32
		{937232EA-2B39-4716-BD98-5249D78C6870}.Release|x86.Build.0 = Release|Win32
		{6875AC3D-6306-4DF0-9BCB-06310BDFDA1F}.Debug|x64.ActiveCfg = Debug|x64
		{6875AC3D-6306-4DF0-9BCB-06310BDFDA1F}.Debug|x64.Build.0 = Debug|x64
		{6875AC3D-6306-4DF0-9BCB-06310BDFDA1F}.Debug|x86.ActiveCfg = Debug|Win32
		{6875AC3D-6306-4DF0-9BCB-06310BDFDA1F}.Debug|x86.Build.0 = Debug|Win32
		{6875AC3D-6306-4DF0-9BCB-06310BDFDA1F}.Release|x64.ActiveCfg = Release|x64
		{6875AC3D-6306-4DF0-9BCB-06310BDFDA1F}.Release|x64.Build.0 = Release|x64
		{6875AC3D-6306-4DF0-9BCB-06310BDFDA1F}.Release|x86.ActiveCfg = Release|Win32
		{6875AC3D-6306-4DF0-9BCB-06310BDFDA1F}.Release|x86.Build.0 = Release|Win32
		{35E55F0A-AEF0-42CC-9C02-82D907FF7036}.Debug|x64.ActiveCfg = Debug|x64
		{35E55F0A-AEF0-42CC-9C02-82D907FF7036}.Debug|x64.Build.0 = Debug|x64
		{35E55F0A-AEF0-42CC-9C02-82D907FF7036}.Debug|x86.ActiveCfg = Debug|Win32
		{35E55F0A-AEF0-42CC-9C02-82D907FF7036}.Debug|x86.Build.0 = Debug|Win32
		{35E55F0A-AEF0-42CC-9C02-82D907FF7036}.Release|x64.ActiveCfg = Release|x64
		{35E55F0A-AEF0-42CC-9C02-82D907FF7036}.Release|x64.Build.0 = Release|x64
		{35E55F0A-AEF0-42CC-9C02-82D907FF7036}.Release|x86.ActiveCfg = Release|Win32
		{35E55F0A-AEF0-42CC-9C02-82D907FF7036}.Release|x86.Build.0 = Release|Win32
		{245059D5-3A7C-3AB0-B0C2-527B8AEC47CC}.Debug|x64.ActiveCfg = Debug|x64
		{245059D5-3A7C-3AB0-B0C2-527B8AEC47CC}.Debug|x64.Build.0 = Debug|x64
		{245059D5-3A7C-3AB0-B0C2-527B8AEC47CC}.Debug|x86.ActiveCfg = Debug|x64
		{245059D5-3A7C-3AB0-B0C2-527B8AEC47CC}.Release|x64.ActiveCfg = Release|x64
		{245059D5-3A7C-3AB0-B0C2-527B8AEC47CC}.Release|x64.Build.0 = Release|x64
		{245059D5-3A7C-3AB0-B0C2-527B8AEC47CC}.Release|x86.ActiveCfg = Release|x64
		{CBA461D2-02C5-4163-AA5F-5C186DB698F0}.Debug|x64.ActiveCfg = Debug|x64
		{CBA461D2-02C5-4163-AA5F-5C186DB698F0}.Debug|x64.Build.0 = Debug|x64
		{CBA461D2-02C5-4163-AA5F-5C186DB698F0}.Debug|x86.ActiveCfg = Debug|Win32
		{CBA461D2-02C5-4163-AA5F-5C186DB698F0}.Debug|x86.Build.0 = Debug|Win32
		{CBA461D2-02C5-4163-AA5F-5C186DB698F0}.Release|x64.ActiveCfg = Release|x64
		{CBA461D2-02C5-4163-AA5F-5C186DB698F0}.Release|x64.Build.0 = Release|x64
		{CBA461D2-02C5-4163-AA5F-5C186DB698F0}.Release|x86.ActiveCfg = Release|Win32
		{CBA461D2-02C5-4163-AA5F-5C186DB698F0}.Release|x86.Build.0 = Release|Win32
		{702CC303-F9FD-44A9-92B0-F49C6CE0313E}.Debug|x64.ActiveCfg = Debug|x64
		{702CC303-F9FD-44A9-92B0-F49C6CE0313E}.Debug|x64.Build.0 = Debug|x64
		{702CC303-F9FD-44A9-92B0-F49C6CE0313E}.Debug|x86.ActiveCfg = Debug|Win32
		{702CC303-F9FD-44A9-92B0-F49C6CE0313E}.Debug|x86.Build.0 = Debug|Win32
		{702CC303-F9FD-44A9-92B0-F49C6CE0313E}.Release|x64.ActiveCfg = Release|x64
		{702CC303-F9FD-44A9-92B0-F49C6CE0313E}.Release|x64.Build.0 = Release|x64
		{702CC303-F9FD-44A9-92B0-F49C6CE0313E}.Release|x86.ActiveCfg = Release|Win32
		{702CC303-F9FD-44A9-92B0-F49C6CE0313E}.Release|x86.Build.0 = Release|Win32
		{CEDFAA0E-DFB1-466B-BC0B-325BFE230218}.Debug|x64.ActiveCfg = Debug|x64
		{CEDFAA0E-DFB1-466B-BC0B-325BFE230218}.Debug|x64.Build.0 = Debug|x64
		{CEDFAA0E-DFB1-466B-BC0B-325BFE230218}.Debug|x86.ActiveCfg = Debug|Win32
		{CEDFAA0E-DFB1-466B-BC0B-325BFE230218}.Debug|x86.Build.0 = Debug|Win32
		{CEDFAA0E-DFB1-466B-BC0B-325BFE230218}.Release|x64.ActiveCfg = Release|x64
		{CEDFAA0E-DFB1-466B-BC0B-325BFE230218}.Release|x64.Build.0 = Release|x64
		{CEDFAA0E-DFB1-466B-BC0B-325BFE230218}.Release|x86.ActiveCfg = Release|Win32
		{CEDFAA0E-DFB1-466B-BC0B-325BFE230218}.Release|x86.Build.0 = Release|Win32
		{B1F44616-23F1-47D7-A8F7-EC67F001646F}.Debug|x64.ActiveCfg = Debug|x64
		{B1F44616-23F1-47D7-A8F7-EC67F001646F}.Debug|x64.Build.0 = Debug|x64
		{B1F44616-23F1-47D7-A8F7-EC67F001646F}.Debug|x86.ActiveCfg = Debug|Win32
		{B1F44616-23F1-47D7-A8F7-EC67F001646F}.Debug|x86.Build.0 = Debug|Win32
		{B1F44616-23F1-47D7-A8F7-EC67F001646F}.Release|x64.ActiveCfg = Release|x64
		{B1F44616-23F1-47D7-A8F7-EC67F001646F}.Release|x64.Build.0 = Release|x64
		{B1F44616-23F1-47D7-A8F7-EC67F001646F}.Release|x86.ActiveCfg = Release|Win32
		{B1F44616-23F1-47D7-A8F7-EC67F001646F}.Release|x86.Build.0 = Release|Win32
		{3A2D1084-AAD0-463A-905C-AF5ED0381DA7}.Debug|x64.ActiveCfg = Debug|x64
		{3A2D1084-AAD0-463A-905C-AF5ED0381DA7}.Debug|x64.Build.0 = Debug|x64
		{3A2D1084-AAD0-463A-905C-AF5ED0381DA7}.Debug|x86.ActiveCfg = Debug|Win32
		{3A2D1084-AAD0-463A-905C-AF5ED0381DA7}.Debug|x86.Build.0 = Debug|Win32
		{3A2D1084-AAD0-463A-905C-AF5ED0381DA7}.Release|x64.ActiveCfg = Release|x64
		{3A2D1084-AAD0-463A-905C-AF5ED0381DA7}.Release|x64.Build.0 = Release|x64
		{3A2D1084-AAD0-463A-905C-AF5ED0381DA7}.Release|x86.ActiveCfg = Release|Win32
		{3A2D1084-AAD0-463A-905C-AF5ED0381DA7}.Release|x86.Build.0 = Release|Win32
		{40EA9B0C-02AD-48CF-BA3F-087D626101C8}.Debug|x64.ActiveCfg = Debug|x64
		{40EA9B0C-02AD-48CF-BA3F-087D626101C8}.Debug|x64.Build.0 = Debug|x64
		{40EA9B0C-02AD-48CF-BA3F-087D626101C8}.Debug|x86.ActiveCfg = Debug|Win32
		{40EA9B0C-02AD-48CF-BA3F-087D626101C8}.Debug|x86.Build.0 = Debug|Win32
		{40EA9B0C-02AD-48CF-BA3F-087D626101C8}.Release|x64.ActiveCfg = Release|x64
		{40EA9B0C-02AD-48CF-BA3F-087D626101C8}.Release|x64.Build.0 = Release|x64
		{40EA9B0C-02AD-48CF-BA3F-087D626101C8}.Release|x86.ActiveCfg = Release|Win32
		{40EA9B0C-02AD-48CF-BA3F-087D626101C8}.Release|x86.Build.0 = Release|Win32
		{576E9213-383D-4359-86AA-A2E2E3B797E6}.Debug|x64.ActiveCfg = Debug|x64
		{576E9213-383D-4359-86AA-A2E2E3B797E6}.Debug|x64.Build.0 = Debug|x64
		{576E9213-383D-4359-86AA-A2E2E3B797E6}.Debug|x86.ActiveCfg = Debug|Win32
		{576E9213-383D-4359-86AA-A2E2E3B797E6}.Debug|x86.Build.0 = Debug|Win32
		{576E9213-383D-4359-86AA-A2E2E3B797E6}.Release|x64.ActiveCfg = Release|x64
		{576E9213-383D-4359-86AA-A2E2E3B797E6}.Release|x64.Build.0 = Release|x64
		{576E9213-383D-4359-86AA-A2E2E3B797E6}.Release|x86.ActiveCfg = Release|Win32
		{576E9213-383D-4359-86AA-A2E2E3B797E6}.Release|x86.Build.0 = Release|Win32
		{AD5D2F5B-477F-4D70-9EB0-6865214ACC60}.Debug|x64.ActiveCfg = Debug|x64
		{AD5D2F5B-477F-4D70-9EB0-6865214ACC60}.Debug|x64.Build.0 = Debug|x64
		{AD5D2F5B-477F-4D70-9EB0-6865214ACC60}.Debug|x86.ActiveCfg = Debug|Win32
		{AD5D2F5B-477F-4D70-9EB0-6865214ACC60}.Debug|x86.Build.0 = Debug|Win32
		{AD5D2F5B-477F-4D70-9EB0-6865214ACC60}.Release|x64.ActiveCfg = Release|x64
		{AD5D2F5B-477F-4D70-9EB0-6865214ACC60}.Release|x64.Build.0 = Release|x64
		{AD5D2F5B-477F-4D70-9EB0-6865214ACC60}.Release|x86.ActiveCfg = Release|Win32
		{AD5D2F5B-477F-4D70-9EB0-6865214ACC60}.Release|x86.Build.0 = Release|Win32
		{95E55D61-8227-48C6-A6AA-BF4294A4A526}.Debug|x64.ActiveCfg = Debug|x64
		{95E55D61-8227-48C6-A6AA-BF4294A4A526}.Debug|x64.Build.0 = Debug|x64
		{95E55D61-8227-48C6-A6AA-BF4294A4A526}.Debug|x86.ActiveCfg = Debug|Win32
		{95E55D61-8227-48C6-A6AA-BF4294A4A526}.Debug|x86.Build.0 = Debug|Win32
		{95E55D61-8227-48C6-A6AA-BF4294A4A526}.Release|x64.ActiveCfg = Release|x64
		{95E55D61-8227-48C6-A6AA-BF4294A4A526}.Release|x64.Build.0 = Release|x64
		{95E55D61-8227-48C6-A6AA-BF4294A4A526}.Release|x86.ActiveCfg = Release|Win32
		{95E55D61-8227-48C6-A6AA-BF4294A4A526}.Release|x86.Build.0 = Release|Win32
		{3F696ACA-B85A-4DA9-A301-D03DA8398BD7}.Debug|x64.ActiveCfg = Debug|x64
		{3F696ACA-B85A-4DA9-A301-D03DA8398BD7}.Debug|x64.Build.0 = Debug|x64
		{3F696ACA-B85A-4DA9-A301-D03DA8398BD7}.Debug|x86.ActiveCfg = Debug|Win32
		{3F696ACA-B85A-4DA9-A301-D03DA8398BD7}.Debug|x86.Build.0 = Debug|Win32
		{3F696ACA-B85A-4DA9-A301-D03DA8398BD7}.Release|x64.ActiveCfg = Release|x64
		{3F696ACA-B85A-4DA9-A301-D03DA8398BD7}.Release|x64.Build.0 = Release|x64
		{3F696ACA-B85A-4DA9-A301-D03DA8398BD7}.Release|x86.ActiveCfg = Release|Win32
		{3F696ACA-B85A-4DA9-A301-D03DA8398BD7}.Release|x86.Build.0 = Release|Win32
		{ADACDEAB-3C3D-4722-9D7A-E1CA8374F3F0}.Debug|x64.ActiveCfg = Debug|x64
		{ADACDEAB-3C3D-4722-9D7A-E1CA8374F3F0}.Debug|x64.Build.0 = Debug|x64
		{ADACDEAB-3C3D-4722-9D7A-E1CA8374F3F0}.Debug|x86.ActiveCfg = Debug|Win32
		{ADACDEAB-3C3D-4722-9D7A-E1CA8374F3F0}.Debug|x86.Build.0 = Debug|Win32
		{ADACDEAB-3C3D-4722-9D7A-E1CA8374F3F0}.Release|x64.ActiveCfg = Release|x64
		{ADACDEAB-3C3D-4722-9D7A-E1CA8374F3F0}.Release|x64.Build.0 = Release|x64
		{ADACDEAB-3C3D-4722-9D7A-E1CA8374F3F0}.Release|x86.ActiveCfg = Release|Win32
		{ADACDEAB-3C3D-4722-9D7A-E1CA8374F3F0}.Release|x86.Build.0 = Release|Win32
	EndGlobalSection
	GlobalSection(SolutionProperties) = preSolution
		HideSolutionNode = FALSE
	EndGlobalSection
	GlobalSection(NestedProjects) = preSolution
		{65233D1B-47A7-490C-85F0-4395E86D4E28} = {B8464914-E4B9-4ADB-9D82-A08382FD1873}
		{A7913C32-6D75-4984-B8FE-2B4A35A7A630} = {65233D1B-47A7-490C-85F0-4395E86D4E28}
		{F36BF1B7-3F65-4EF4-B8C0-075DE49F8127} = {65233D1B-47A7-490C-85F0-4395E86D4E28}
		{78764D0C-34C1-48BC-9B8C-26E994F453E6} = {65233D1B-47A7-490C-85F0-4395E86D4E28}
		{14D1BEF9-7FDB-4B8D-8D20-BE5F6EACD238} = {B8464914-E4B9-4ADB-9D82-A08382FD1873}
		{AD20F40A-B1CE-4E33-9552-E2D06193697A} = {14D1BEF9-7FDB-4B8D-8D20-BE5F6EACD238}
		{9567C251-3762-4351-B459-A31C5040409D} = {14D1BEF9-7FDB-4B8D-8D20-BE5F6EACD238}
		{06399A88-23E0-4B9B-8451-FC4175932EC8} = {B8464914-E4B9-4ADB-9D82-A08382FD1873}
		{4A35E115-970F-413F-B0B4-0E01F378F020} = {06399A88-23E0-4B9B-8451-FC4175932EC8}
		{85C6D542-6B72-48FD-98BA-95B9C8BCCA69} = {06399A88-23E0-4B9B-8451-FC4175932EC8}
		{B051FD79-2F9F-4DE2-A5D4-4C2E1375D55A} = {06399A88-23E0-4B9B-8451-FC4175932EC8}
		{B8464914-E4B9-4ADB-9D82-A08382FD1873} = {29757810-C175-45A9-A059-481A78E20A93}
		{BD570C07-853E-45EC-BBD1-DC219E443382} = {29757810-C175-45A9-A059-481A78E20A93}
		{53F4B305-25A8-4427-B6F5-3D8DC03233A6} = {BD570C07-853E-45EC-BBD1-DC219E443382}
		{2DF273E7-A6B5-4E37-9C94-4086081E1DE4} = {53F4B305-25A8-4427-B6F5-3D8DC03233A6}
		{F7E7DD18-9798-4F6C-A2B7-B2B0C3F7DFEF} = {B8464914-E4B9-4ADB-9D82-A08382FD1873}
		{A607A0AB-63EA-48EA-BA02-939869CD915F} = {F7E7DD18-9798-4F6C-A2B7-B2B0C3F7DFEF}
		{0D163262-C5AE-4B1B-8878-7E955F313651} = {F7E7DD18-9798-4F6C-A2B7-B2B0C3F7DFEF}
		{A8A92955-D61C-40DE-8CDF-E5FF7D5047E2} = {BD570C07-853E-45EC-BBD1-DC219E443382}
		{937232EA-2B39-4716-BD98-5249D78C6870} = {A8A92955-D61C-40DE-8CDF-E5FF7D5047E2}
		{6875AC3D-6306-4DF0-9BCB-06310BDFDA1F} = {65233D1B-47A7-490C-85F0-4395E86D4E28}
		{35E55F0A-AEF0-42CC-9C02-82D907FF7036} = {F7E7DD18-9798-4F6C-A2B7-B2B0C3F7DFEF}
		{245059D5-3A7C-3AB0-B0C2-527B8AEC47CC} = {A497E9BC-FA17-446E-A665-206EF1E97352}
		{CBA461D2-02C5-4163-AA5F-5C186DB698F0} = {14D1BEF9-7FDB-4B8D-8D20-BE5F6EACD238}
		{702CC303-F9FD-44A9-92B0-F49C6CE0313E} = {F7E7DD18-9798-4F6C-A2B7-B2B0C3F7DFEF}
		{CEDFAA0E-DFB1-466B-BC0B-325BFE230218} = {53F4B305-25A8-4427-B6F5-3D8DC03233A6}
		{B1F44616-23F1-47D7-A8F7-EC67F001646F} = {A497E9BC-FA17-446E-A665-206EF1E97352}
		{40EA9B0C-02AD-48CF-BA3F-087D626101C8} = {F7E7DD18-9798-4F6C-A2B7-B2B0C3F7DFEF}
		{576E9213-383D-4359-86AA-A2E2E3B797E6} = {F7E7DD18-9798-4F6C-A2B7-B2B0C3F7DFEF}
		{AD5D2F5B-477F-4D70-9EB0-6865214ACC60} = {06399A88-23E0-4B9B-8451-FC4175932EC8}
		{A1BA382A-21BF-4477-AE06-EF8096E88CCA} = {B8464914-E4B9-4ADB-9D82-A08382FD1873}
		{95E55D61-8227-48C6-A6AA-BF4294A4A526} = {A1BA382A-21BF-4477-AE06-EF8096E88CCA}
		{3F696ACA-B85A-4DA9-A301-D03DA8398BD7} = {A1BA382A-21BF-4477-AE06-EF8096E88CCA}
	EndGlobalSection
	GlobalSection(ExtensibilityGlobals) = postSolution
		SolutionGuid = {7F56118C-ADC4-4613-A2D0-44C244AF06C7}
	EndGlobalSection
EndGlobal
