<?xml version="1.0" encoding="utf-8"?>
<Project ToolsVersion="4.0" xmlns="http://schemas.microsoft.com/developer/msbuild/2003">
  <ItemGroup>
    <ClCompile Include="..\MPhysics\AdvectionSolver.cpp" />
    <ClCompile Include="..\MPhysics\BoundaryHelper.cpp" />
    <ClCompile Include="..\MPhysics\BoundaryVolumeMap.cpp" />
    <ClCompile Include="..\MPhysics\CellCenteredScalarField.cpp" />
    <ClCompile Include="..\MPhysics\CellCenteredScalarGrid.cpp" />
    <ClCompile Include="..\MPhysics\CellCenteredVectorField.cpp" />
    <ClCompile Include="..\MPhysics\CellCenteredVectorGrid.cpp" />
    <ClCompile Include="..\MPhysics\CubicLagrangeDiscreteGrid.cpp" />
    <ClCompile Include="..\MPhysics\CudaContextManager.cpp" />
    <ClCompile Include="..\MPhysics\CuDenseMatrix.cpp" />
    <ClCompile Include="..\MPhysics\CuDenseVector.cpp" />
    <ClCompile Include="..\MPhysics\CuMatrixFreePCG.cpp" />
    <ClCompile Include="..\MPhysics\CuMatVecMultiplier.cpp" />
    <ClCompile Include="..\MPhysics\CuSparseMatrix.cpp" />
    <ClCompile Include="..\MPhysics\CuSparsePCG.cpp" />
    <ClCompile Include="..\MPhysics\EulerParticles.cpp" />
    <ClCompile Include="..\MPhysics\ExternalForcesSolver.cpp" />
    <ClCompile Include="..\MPhysics\ExtParticleGroup.cpp" />
    <ClCompile Include="..\MPhysics\FaceCenteredVectorField.cpp" />
    <ClCompile Include="..\MPhysics\FaceCenteredVectorGrid.cpp" />
    <ClCompile Include="..\MPhysics\Field.cpp" />
    <ClCompile Include="..\MPhysics\FluidImplicitParticle.cpp" />
    <ClCompile Include="..\MPhysics\Grid.cpp" />
    <ClCompile Include="..\MPhysics\GridFluidSolver.cpp" />
    <ClCompile Include="..\MPhysics\HybridSimulator.cpp" />
    <ClCompile Include="..\MPhysics\KNNSearch.cpp" />
    <ClCompile Include="..\MPhysics\MixPICAndFLIP.cpp" />
    <ClCompile Include="..\MPhysics\Particle.cpp" />
    <ClCompile Include="..\MPhysics\ParticleInCell.cpp" />
    <ClCompile Include="..\MPhysics\PressureSolver.cpp" />
    <ClCompile Include="..\MPhysics\ProjectiveFluidSolver.cpp" />
    <ClCompile Include="..\MPhysics\ScalarField.cpp" />
    <ClCompile Include="..\MPhysics\ScalarGrid.cpp" />
    <ClCompile Include="..\MPhysics\SceneManager.cpp" />
    <ClCompile Include="..\MPhysics\SemiLagrangian.cpp" />
    <ClCompile Include="..\MPhysics\SimulationConfigManager.cpp" />
    <ClCompile Include="..\MPhysics\VectorField.cpp" />
    <ClCompile Include="..\MPhysics\VectorGrid.cpp" />
    <ClCompile Include="..\MPhysics\Boundary.cpp" />
  </ItemGroup>
  <ItemGroup>
    <ClInclude Include="..\MPhysics\AdvectionSolver.h" />
    <ClInclude Include="..\MPhysics\BoundaryHelper.h" />
    <ClInclude Include="..\MPhysics\BoundaryVolumeMap.h" />
    <ClInclude Include="..\MPhysics\BoundaryVolumeMapKernel.cuh" />
    <ClInclude Include="..\MPhysics\CellCenteredScalarField.h" />
    <ClInclude Include="..\MPhysics\CellCenteredScalarGrid.h" />
    <ClInclude Include="..\MPhysics\CellCenteredVectorField.h" />
    <ClInclude Include="..\MPhysics\CellCenteredVectorGrid.h" />
    <ClInclude Include="..\MPhysics\CLDGridinterpolate.cuh" />
    <ClInclude Include="..\MPhysics\CLDGridKernel.cuh" />
    <ClInclude Include="..\MPhysics\Common.h" />
    <ClInclude Include="..\MPhysics\CubicLagrangeDiscreteGrid.h" />
    <ClInclude Include="..\MPhysics\CudaContextManager.h" />
    <ClInclude Include="..\MPhysics\CudaMathTools.h" />
    <ClInclude Include="..\MPhysics\CuDenseMatrix.h" />
    <ClInclude Include="..\MPhysics\CuDenseVector.h" />
    <ClInclude Include="..\MPhysics\CuMatrixFreePCG.h" />
    <ClInclude Include="..\MPhysics\CuMatVecMultiplier.h" />
    <ClInclude Include="..\MPhysics\CuSparseMatrix.h" />
    <ClInclude Include="..\MPhysics\CuSparsePCG.h" />
    <ClInclude Include="..\MPhysics\DensityConstraintKernel.cuh" />
    <ClInclude Include="..\MPhysics\EnumType.h" />
    <ClInclude Include="..\MPhysics\EulerMathTool.cuh" />
    <ClInclude Include="..\MPhysics\EulerParticles.h" />
    <ClInclude Include="..\MPhysics\EulerParticlesTool.cuh" />
    <ClInclude Include="..\MPhysics\EulerSolverTool.cuh" />
    <ClInclude Include="..\MPhysics\ExternalForcesSolver.h" />
    <ClInclude Include="..\MPhysics\ExtParticleGroup.h" />
    <ClInclude Include="..\MPhysics\FaceCenteredVectorField.h" />
    <ClInclude Include="..\MPhysics\FaceCenteredVectorGrid.h" />
    <ClInclude Include="..\MPhysics\Field.h" />
    <ClInclude Include="..\MPhysics\FieldMathTool.cuh" />
    <ClInclude Include="..\MPhysics\FluidImplicitParticle.h" />
    <ClInclude Include="..\MPhysics\GaussQuadrature.cuh" />
    <ClInclude Include="..\MPhysics\GPUTimer.h" />
    <ClInclude Include="..\MPhysics\Grid.h" />
    <ClInclude Include="..\MPhysics\GridFluidSolver.h" />
    <ClInclude Include="..\MPhysics\HybridSimulator.h" />
    <ClInclude Include="..\MPhysics\HybridSimulatorKernel.cuh" />
    <ClInclude Include="..\MPhysics\KNNKernel.cuh" />
    <ClInclude Include="..\MPhysics\KNNSearch.h" />
    <ClInclude Include="..\MPhysics\Manager.h" />
    <ClInclude Include="..\MPhysics\MixPICAndFLIP.h" />
    <ClInclude Include="..\MPhysics\MMathExtra.h" />
    <ClInclude Include="..\MPhysics\Particle.h" />
    <ClInclude Include="..\MPhysics\ParticleInCell.h" />
    <ClInclude Include="..\MPhysics\ParticleKernel.cuh" />
    <ClInclude Include="..\MPhysics\PressureSolver.h" />
    <ClInclude Include="..\MPhysics\ProjectiveFluidSolver.h" />
    <ClInclude Include="..\MPhysics\ScalarField.h" />
    <ClInclude Include="..\MPhysics\ScalarGrid.h" />
    <ClInclude Include="..\MPhysics\SceneManager.h" />
    <ClInclude Include="..\MPhysics\SemiLagrangian.h" />
    <ClInclude Include="..\MPhysics\SimulationConfigManager.h" />
    <ClInclude Include="..\MPhysics\SPHKernelFunc.cuh" />
    <ClInclude Include="..\MPhysics\ThrustWapper.cuh" />
    <ClInclude Include="..\MPhysics\VectorField.h" />
    <ClInclude Include="..\MPhysics\VectorGrid.h" />
    <ClInclude Include="..\MPhysics\Boundary.h" />
    <ClInclude Include="..\MPhysics\BoundaryTool.cuh" />
  </ItemGroup>
  <ItemGroup>
    <CudaCompile Include="..\MPhysics\BondaryVolumeMapQueryVolumeAndPoint.cu" />
    <CudaCompile Include="..\MPhysics\BoundaryVolumeMapGenVolumeData.cu" />
    <CudaCompile Include="..\MPhysics\CLDGridFillCellRelativeNodeIndex.cu" />
    <CudaCompile Include="..\MPhysics\CLDGridinterpolate.cu" />
    <CudaCompile Include="..\MPhysics\CLDGridInterpolateForLargeScaleDataset.cu" />
    <CudaCompile Include="..\MPhysics\DensityConstraintComputeA.cu" />
    <CudaCompile Include="..\MPhysics\DensityConstraintExtDynamics.cu" />
    <CudaCompile Include="..\MPhysics\DensityConstraintInertiaTerm.cu" />
    <CudaCompile Include="..\MPhysics\DensityConstraintSolver.cu" />
    <CudaCompile Include="..\MPhysics\EulerMathTool.cu" />
    <CudaCompile Include="..\MPhysics\EulerParticlesTool.cu" />
    <CudaCompile Include="..\MPhysics\EulerSolverTool.cu" />
    <CudaCompile Include="..\MPhysics\FieldMathTool.cu" />
    <CudaCompile Include="..\MPhysics\GaussQuadrature.cu" />
    <CudaCompile Include="..\MPhysics\HybridSimulatorDeleteParticleUnderWater.cu" />
    <CudaCompile Include="..\MPhysics\HybridSimulatorGenParticleByPoissonDisk.cu" />
    <CudaCompile Include="..\MPhysics\HybridSimulatorMixFieldWithDensity.cu" />
    <CudaCompile Include="..\MPhysics\HybridSimulatorMixParitcleVelWithPICAndFLIP.cu" />
    <CudaCompile Include="..\MPhysics\HybridSimulatorSamplingSDFFromCLDGrid.cu" />
    <CudaCompile Include="..\MPhysics\KNNKernel.cu" />
    <CudaCompile Include="..\MPhysics\ParticleKernel.cu" />
    <CudaCompile Include="..\MPhysics\SPHKernelFunc.cu" />
    <CudaCompile Include="..\MPhysics\ThrustWapper.cu" />
    <CudaCompile Include="..\MPhysics\HybridSimulatorBuildSDF.cu" />
    <CudaCompile Include="..\MPhysics\BoundaryTool.cu" />
  </ItemGroup>
  <ItemGroup>
    <None Include="..\MPhysics\packages.config" />
  </ItemGroup>
</Project>